<?xml version="1.0" encoding="utf-8"?>
<Project ToolsVersion="4.0" xmlns="http://schemas.microsoft.com/developer/msbuild/2003">
  <ItemGroup>
    <Filter Include="ソース ファイル">
      <UniqueIdentifier>{4FC737F1-C7A5-4376-A066-2A32D752A2FF}</UniqueIdentifier>
      <Extensions>cpp;c;cc;cxx;c++;def;odl;idl;hpj;bat;asm;asmx</Extensions>
    </Filter>
    <Filter Include="ヘッダー ファイル">
      <UniqueIdentifier>{93995380-89BD-4b04-88EB-625FBE52EBFB}</UniqueIdentifier>
      <Extensions>h;hh;hpp;hxx;h++;hm;inl;inc;ipp;xsd</Extensions>
    </Filter>
    <Filter Include="リソース ファイル">
      <UniqueIdentifier>{67DA6AB6-F800-4c08-8B7A-83BB121AAD01}</UniqueIdentifier>
      <Extensions>rc;ico;cur;bmp;dlg;rc2;rct;bin;rgs;gif;jpg;jpeg;jpe;resx;tiff;tif;png;wav;mfcribbon-ms</Extensions>
    </Filter>
    <Filter Include="Shader">
      <UniqueIdentifier>{25dd6539-f048-421b-a1a6-9ea5a4750349}</UniqueIdentifier>
    </Filter>
    <Filter Include="ヘッダー ファイル\Bindable">
      <UniqueIdentifier>{300eb459-a248-415c-aeb4-454defe64de2}</UniqueIdentifier>
    </Filter>
    <Filter Include="ソース ファイル\Bindable">
      <UniqueIdentifier>{fd91173d-deff-476c-9367-6b890f66c3a5}</UniqueIdentifier>
    </Filter>
    <Filter Include="ヘッダー ファイル\Drawable">
      <UniqueIdentifier>{7abfb1ec-0b09-4afa-8bd1-2cc42067c954}</UniqueIdentifier>
    </Filter>
    <Filter Include="ソース ファイル\Drawable">
      <UniqueIdentifier>{85b6cc50-6975-49e0-bb6d-84dcb6bc1270}</UniqueIdentifier>
    </Filter>
    <Filter Include="ヘッダー ファイル\Geometry">
      <UniqueIdentifier>{8afa06ab-98f7-4ddc-b878-00ac3d65744f}</UniqueIdentifier>
    </Filter>
  </ItemGroup>
  <ItemGroup>
    <ClCompile Include="WinMain.cpp">
      <Filter>ソース ファイル</Filter>
    </ClCompile>
    <ClCompile Include="WindowsMessageMap.cpp">
      <Filter>ソース ファイル</Filter>
    </ClCompile>
    <ClCompile Include="Window.cpp">
      <Filter>ソース ファイル</Filter>
    </ClCompile>
    <ClCompile Include="WinException.cpp">
      <Filter>ソース ファイル</Filter>
    </ClCompile>
    <ClCompile Include="Keyboard.cpp">
      <Filter>ソース ファイル</Filter>
    </ClCompile>
    <ClCompile Include="Mouse.cpp">
      <Filter>ソース ファイル</Filter>
    </ClCompile>
    <ClCompile Include="Graphics.cpp">
      <Filter>ソース ファイル</Filter>
    </ClCompile>
    <ClCompile Include="App.cpp">
      <Filter>ソース ファイル</Filter>
    </ClCompile>
    <ClCompile Include="Timer.cpp">
      <Filter>ソース ファイル</Filter>
    </ClCompile>
    <ClCompile Include="WindowException.cpp">
      <Filter>ソース ファイル</Filter>
    </ClCompile>
    <ClCompile Include="GraphicsException.cpp">
      <Filter>ソース ファイル</Filter>
    </ClCompile>
    <ClCompile Include="dxerr.cpp">
      <Filter>ソース ファイル</Filter>
    </ClCompile>
    <ClCompile Include="DxgiInfoManager.cpp">
      <Filter>ソース ファイル</Filter>
    </ClCompile>
    <ClCompile Include="Topology.cpp">
      <Filter>ソース ファイル\Bindable</Filter>
    </ClCompile>
    <ClCompile Include="IndexBuffer.cpp">
      <Filter>ソース ファイル\Bindable</Filter>
    </ClCompile>
    <ClCompile Include="Bindable.cpp">
      <Filter>ソース ファイル\Bindable</Filter>
    </ClCompile>
    <ClCompile Include="InputLayout.cpp">
      <Filter>ソース ファイル\Bindable</Filter>
    </ClCompile>
    <ClCompile Include="VertexShader.cpp">
      <Filter>ソース ファイル\Bindable</Filter>
    </ClCompile>
    <ClCompile Include="PixelShader.cpp">
      <Filter>ソース ファイル\Bindable</Filter>
    </ClCompile>
    <ClCompile Include="Drawable.cpp">
      <Filter>ソース ファイル\Drawable</Filter>
    </ClCompile>
    <ClCompile Include="Box.cpp">
      <Filter>ソース ファイル\Drawable</Filter>
    </ClCompile>
    <ClCompile Include="VertexBuffer.cpp">
      <Filter>ソース ファイル\Bindable</Filter>
    </ClCompile>
    <ClCompile Include="TransformCbuf.cpp">
      <Filter>ソース ファイル\Bindable</Filter>
    </ClCompile>
    <ClCompile Include="Pyramid.cpp">
      <Filter>ソース ファイル\Drawable</Filter>
    </ClCompile>
    <ClCompile Include="Melon.cpp">
      <Filter>ソース ファイル\Drawable</Filter>
    </ClCompile>
    <ClCompile Include="Sampler.cpp">
      <Filter>ソース ファイル\Bindable</Filter>
    </ClCompile>
    <ClCompile Include="Texture.cpp">
      <Filter>ソース ファイル\Bindable</Filter>
    </ClCompile>
    <ClCompile Include="Sheet.cpp">
      <Filter>ソース ファイル\Drawable</Filter>
    </ClCompile>
  </ItemGroup>
  <ItemGroup>
    <ClInclude Include="WindowsMessageMap.h">
      <Filter>ヘッダー ファイル</Filter>
    </ClInclude>
    <ClInclude Include="WinInc.h">
      <Filter>ヘッダー ファイル</Filter>
    </ClInclude>
    <ClInclude Include="Window.h">
      <Filter>ヘッダー ファイル</Filter>
    </ClInclude>
    <ClInclude Include="WinException.h">
      <Filter>ヘッダー ファイル</Filter>
    </ClInclude>
    <ClInclude Include="resource.h">
      <Filter>ヘッダー ファイル</Filter>
    </ClInclude>
    <ClInclude Include="Keyboard.h">
      <Filter>ヘッダー ファイル</Filter>
    </ClInclude>
    <ClInclude Include="Mouse.h">
      <Filter>ヘッダー ファイル</Filter>
    </ClInclude>
    <ClInclude Include="Graphics.h">
      <Filter>ヘッダー ファイル</Filter>
    </ClInclude>
    <ClInclude Include="App.h">
      <Filter>ヘッダー ファイル</Filter>
    </ClInclude>
    <ClInclude Include="Timer.h">
      <Filter>ヘッダー ファイル</Filter>
    </ClInclude>
    <ClInclude Include="WindowException.h">
      <Filter>ヘッダー ファイル</Filter>
    </ClInclude>
    <ClInclude Include="WinExceptionMacro.h">
      <Filter>ヘッダー ファイル</Filter>
    </ClInclude>
    <ClInclude Include="GraphicsException.h">
      <Filter>ヘッダー ファイル</Filter>
    </ClInclude>
    <ClInclude Include="dxerr.h">
      <Filter>ヘッダー ファイル</Filter>
    </ClInclude>
    <ClInclude Include="DxgiInfoManager.h">
      <Filter>ヘッダー ファイル</Filter>
    </ClInclude>
    <ClInclude Include="Bindable.h">
      <Filter>ヘッダー ファイル\Bindable</Filter>
    </ClInclude>
    <ClInclude Include="ConstantBuffer.h">
      <Filter>ヘッダー ファイル\Bindable</Filter>
    </ClInclude>
    <ClInclude Include="IndexBuffer.h">
      <Filter>ヘッダー ファイル\Bindable</Filter>
    </ClInclude>
    <ClInclude Include="InputLayout.h">
      <Filter>ヘッダー ファイル\Bindable</Filter>
    </ClInclude>
    <ClInclude Include="VertexBuffer.h">
      <Filter>ヘッダー ファイル\Bindable</Filter>
    </ClInclude>
    <ClInclude Include="Topology.h">
      <Filter>ヘッダー ファイル\Bindable</Filter>
    </ClInclude>
    <ClInclude Include="VertexShader.h">
      <Filter>ヘッダー ファイル\Bindable</Filter>
    </ClInclude>
    <ClInclude Include="PixelShader.h">
      <Filter>ヘッダー ファイル\Bindable</Filter>
    </ClInclude>
    <ClInclude Include="Box.h">
      <Filter>ヘッダー ファイル\Drawable</Filter>
    </ClInclude>
    <ClInclude Include="Drawable.h">
      <Filter>ヘッダー ファイル\Drawable</Filter>
    </ClInclude>
    <ClInclude Include="TransformCbuf.h">
      <Filter>ヘッダー ファイル\Bindable</Filter>
    </ClInclude>
    <ClInclude Include="DrawableBase.h">
      <Filter>ヘッダー ファイル\Drawable</Filter>
    </ClInclude>
    <ClInclude Include="IndexedTriangleList.h">
      <Filter>ヘッダー ファイル</Filter>
    </ClInclude>
    <ClInclude Include="WinMath.h">
      <Filter>ヘッダー ファイル</Filter>
    </ClInclude>
    <ClInclude Include="Cube.h">
      <Filter>ヘッダー ファイル\Geometry</Filter>
    </ClInclude>
    <ClInclude Include="Plane.h">
      <Filter>ヘッダー ファイル\Geometry</Filter>
    </ClInclude>
    <ClInclude Include="Sphere.h">
      <Filter>ヘッダー ファイル\Geometry</Filter>
    </ClInclude>
    <ClInclude Include="Prism.h">
      <Filter>ヘッダー ファイル\Geometry</Filter>
    </ClInclude>
    <ClInclude Include="Cone.h">
      <Filter>ヘッダー ファイル\Geometry</Filter>
    </ClInclude>
    <ClInclude Include="Pyramid.h">
      <Filter>ヘッダー ファイル\Drawable</Filter>
    </ClInclude>
    <ClInclude Include="BindableBase.h">
      <Filter>ヘッダー ファイル\Bindable</Filter>
    </ClInclude>
    <ClInclude Include="Melon.h">
      <Filter>ヘッダー ファイル\Drawable</Filter>
    </ClInclude>
    <ClInclude Include="Sampler.h">
      <Filter>ヘッダー ファイル\Bindable</Filter>
    </ClInclude>
    <ClInclude Include="Texture.h">
      <Filter>ヘッダー ファイル\Bindable</Filter>
    </ClInclude>
    <ClInclude Include="Sheet.h">
      <Filter>ヘッダー ファイル\Drawable</Filter>
    </ClInclude>
  </ItemGroup>
  <ItemGroup>
    <ResourceCompile Include="Project1.rc">
      <Filter>リソース ファイル</Filter>
    </ResourceCompile>
  </ItemGroup>
  <ItemGroup>
    <Image Include="icon1.ico">
      <Filter>リソース ファイル</Filter>
    </Image>
    <Image Include="Mojas.ico">
      <Filter>リソース ファイル</Filter>
    </Image>
  </ItemGroup>
  <ItemGroup>
    <FxCompile Include="VertexShader.hlsl">
      <Filter>Shader</Filter>
    </FxCompile>
    <FxCompile Include="PixelShader.hlsl">
      <Filter>Shader</Filter>
    </FxCompile>
    <FxCompile Include="ColorBlendVS.hlsl">
      <Filter>Shader</Filter>
    </FxCompile>
    <FxCompile Include="ColorBlendPS.hlsl">
      <Filter>Shader</Filter>
    </FxCompile>
    <FxCompile Include="ColorIndexVS.hlsl">
      <Filter>Shader</Filter>
    </FxCompile>
    <FxCompile Include="ColorIndexPS.hlsl">
      <Filter>Shader</Filter>
    </FxCompile>
    <FxCompile Include="DrawTextureVS.hlsl">
      <Filter>Shader</Filter>
    </FxCompile>
    <FxCompile Include="DrawTexturePS.hlsl">
      <Filter>Shader</Filter>
    </FxCompile>
  </ItemGroup>
</Project>